
Microsoft Visual Studio Solution File, Format Version 12.00
# Visual Studio 2012
Project("{FAE04EC0-301F-11D3-BF4B-00C04F79EFBC}") = "Mavis", "Mavis\Mavis.csproj", "{3FDE5636-8E85-47F2-8B02-28083F3016DA}"
EndProject
Project("{FAE04EC0-301F-11D3-BF4B-00C04F79EFBC}") = "Mavis.UITests", "Mavis.UITests\Mavis.UITests.csproj", "{BB12403D-79BD-4D53-B6D9-5A6A651B4DBF}"
EndProject
Global
	GlobalSection(SolutionConfigurationPlatforms) = preSolution
		Debug|Any CPU = Debug|Any CPU
		Release|Any CPU = Release|Any CPU
	EndGlobalSection
	GlobalSection(ProjectConfigurationPlatforms) = postSolution
		{3FDE5636-8E85-47F2-8B02-28083F3016DA}.Debug|Any CPU.ActiveCfg = Debug|Any CPU
		{3FDE5636-8E85-47F2-8B02-28083F3016DA}.Debug|Any CPU.Build.0 = Debug|Any CPU
		{3FDE5636-8E85-47F2-8B02-28083F3016DA}.Release|Any CPU.ActiveCfg = Release|Any CPU
		{3FDE5636-8E85-47F2-8B02-28083F3016DA}.Release|Any CPU.Build.0 = Release|Any CPU
		{BB12403D-79BD-4D53-B6D9-5A6A651B4DBF}.Debug|Any CPU.ActiveCfg = Debug|Any CPU
		{BB12403D-79BD-4D53-B6D9-5A6A651B4DBF}.Debug|Any CPU.Build.0 = Debug|Any CPU
		{BB12403D-79BD-4D53-B6D9-5A6A651B4DBF}.Release|Any CPU.ActiveCfg = Release|Any CPU
		{BB12403D-79BD-4D53-B6D9-5A6A651B4DBF}.Release|Any CPU.Build.0 = Release|Any CPU
	EndGlobalSection
EndGlobal
